
Microsoft Visual Studio Solution File, Format Version 12.00
# Visual Studio Version 17
VisualStudioVersion = 17.14.37203.1 d17.14
MinimumVisualStudioVersion = 10.0.40219.1
Project("{FAE04EC0-301F-11D3-BF4B-00C04F79EFBC}") = "Projeto-Csharp-academia", "Projeto-Csharp-academia\Projeto-Csharp-academia.csproj", "{25EB1541-7FAB-42D4-AD26-7F8049B25839}"
EndProject
Global
	GlobalSection(SolutionConfigurationPlatforms) = preSolution
		Debug|Any CPU = Debug|Any CPU
		Release|Any CPU = Release|Any CPU
	EndGlobalSection
	GlobalSection(ProjectConfigurationPlatforms) = postSolution
		{25EB1541-7FAB-42D4-AD26-7F8049B25839}.Debug|Any CPU.ActiveCfg = Debug|Any CPU
		{25EB1541-7FAB-42D4-AD26-7F8049B25839}.Debug|Any CPU.Build.0 = Debug|Any CPU
		{25EB1541-7FAB-42D4-AD26-7F8049B25839}.Release|Any CPU.ActiveCfg = Release|Any CPU
		{25EB1541-7FAB-42D4-AD26-7F8049B25839}.Release|Any CPU.Build.0 = Release|Any CPU
	EndGlobalSection
	GlobalSection(SolutionProperties) = preSolution
		HideSolutionNode = FALSE
	EndGlobalSection
	GlobalSection(ExtensibilityGlobals) = postSolution
		SolutionGuid = {1A509586-C288-484F-9C28-6FF5E958DD09}
	EndGlobalSection
EndGlobal
